// !$*UTF8*$!
{
	archiveVersion = 1;
	classes = {
	};
	objectVersion = 56;
	objects = {

/* Begin PBXBuildFile section */
		C7E0CF492C50900600A3A5FE /* PostalCodeSearchApp.swift in Sources */ = {isa = PBXBuildFile; fileRef = C7E0CF482C50900600A3A5FE /* PostalCodeSearchApp.swift */; };
		C7E0CF4B2C50900600A3A5FE /* ContentView.swift in Sources */ = {isa = PBXBuildFile; fileRef = C7E0CF4A2C50900600A3A5FE /* ContentView.swift */; };
		C7E0CF4D2C50900700A3A5FE /* Assets.xcassets in Resources */ = {isa = PBXBuildFile; fileRef = C7E0CF4C2C50900700A3A5FE /* Assets.xcassets */; };
		C7E0CF502C50900700A3A5FE /* Preview Assets.xcassets in Resources */ = {isa = PBXBuildFile; fileRef = C7E0CF4F2C50900700A3A5FE /* Preview Assets.xcassets */; };
		C7E0CF5A2C50900700A3A5FE /* PostalCodeSearchTests.swift in Sources */ = {isa = PBXBuildFile; fileRef = C7E0CF592C50900700A3A5FE /* PostalCodeSearchTests.swift */; };
		C7E0CF642C50900700A3A5FE /* PostalCodeSearchUITests.swift in Sources */ = {isa = PBXBuildFile; fileRef = C7E0CF632C50900700A3A5FE /* PostalCodeSearchUITests.swift */; };
		C7E0CF662C50900700A3A5FE /* PostalCodeSearchUITestsLaunchTests.swift in Sources */ = {isa = PBXBuildFile; fileRef = C7E0CF652C50900700A3A5FE /* PostalCodeSearchUITestsLaunchTests.swift */; };
		C7E0CF732C50901900A3A5FE /* APIData.swift in Sources */ = {isa = PBXBuildFile; fileRef = C7E0CF722C50901900A3A5FE /* APIData.swift */; };
/* End PBXBuildFile section */

/* Begin PBXContainerItemProxy section */
		C7E0CF562C50900700A3A5FE /* PBXContainerItemProxy */ = {
			isa = PBXContainerItemProxy;
			containerPortal = C7E0CF3D2C50900500A3A5FE /* Project object */;
			proxyType = 1;
			remoteGlobalIDString = C7E0CF442C50900600A3A5FE;
			remoteInfo = PostalCodeSearch;
		};
		C7E0CF602C50900700A3A5FE /* PBXContainerItemProxy */ = {
			isa = PBXContainerItemProxy;
			containerPortal = C7E0CF3D2C50900500A3A5FE /* Project object */;
			proxyType = 1;
			remoteGlobalIDString = C7E0CF442C50900600A3A5FE;
			remoteInfo = PostalCodeSearch;
		};
/* End PBXContainerItemProxy section */

/* Begin PBXFileReference section */
		C7E0CF452C50900600A3A5FE /* PostalCodeSearch.app */ = {isa = PBXFileReference; explicitFileType = wrapper.application; includeInIndex = 0; path = PostalCodeSearch.app; sourceTree = BUILT_PRODUCTS_DIR; };
		C7E0CF482C50900600A3A5FE /* PostalCodeSearchApp.swift */ = {isa = PBXFileReference; lastKnownFileType = sourcecode.swift; path = PostalCodeSearchApp.swift; sourceTree = "<group>"; };
		C7E0CF4A2C50900600A3A5FE /* ContentView.swift */ = {isa = PBXFileReference; lastKnownFileType = sourcecode.swift; path = ContentView.swift; sourceTree = "<group>"; };
		C7E0CF4C2C50900700A3A5FE /* Assets.xcassets */ = {isa = PBXFileReference; lastKnownFileType = folder.assetcatalog; path = Assets.xcassets; sourceTree = "<group>"; };
		C7E0CF4F2C50900700A3A5FE /* Preview Assets.xcassets */ = {isa = PBXFileReference; lastKnownFileType = folder.assetcatalog; path = "Preview Assets.xcassets"; sourceTree = "<group>"; };
		C7E0CF552C50900700A3A5FE /* PostalCodeSearchTests.xctest */ = {isa = PBXFileReference; explicitFileType = wrapper.cfbundle; includeInIndex = 0; path = PostalCodeSearchTests.xctest; sourceTree = BUILT_PRODUCTS_DIR; };
		C7E0CF592C50900700A3A5FE /* PostalCodeSearchTests.swift */ = {isa = PBXFileReference; lastKnownFileType = sourcecode.swift; path = PostalCodeSearchTests.swift; sourceTree = "<group>"; };
		C7E0CF5F2C50900700A3A5FE /* PostalCodeSearchUITests.xctest */ = {isa = PBXFileReference; explicitFileType = wrapper.cfbundle; includeInIndex = 0; path = PostalCodeSearchUITests.xctest; sourceTree = BUILT_PRODUCTS_DIR; };
		C7E0CF632C50900700A3A5FE /* PostalCodeSearchUITests.swift */ = {isa = PBXFileReference; lastKnownFileType = sourcecode.swift; path = PostalCodeSearchUITests.swift; sourceTree = "<group>"; };
		C7E0CF652C50900700A3A5FE /* PostalCodeSearchUITestsLaunchTests.swift */ = {isa = PBXFileReference; lastKnownFileType = sourcecode.swift; path = PostalCodeSearchUITestsLaunchTests.swift; sourceTree = "<group>"; };
		C7E0CF722C50901900A3A5FE /* APIData.swift */ = {isa = PBXFileReference; lastKnownFileType = sourcecode.swift; path = APIData.swift; sourceTree = "<group>"; };
/* End PBXFileReference section */

/* Begin PBXFrameworksBuildPhase section */
		C7E0CF422C50900600A3A5FE /* Frameworks */ = {
			isa = PBXFrameworksBuildPhase;
			buildActionMask = 2147483647;
			files = (
			);
			runOnlyForDeploymentPostprocessing = 0;
		};
		C7E0CF522C50900700A3A5FE /* Frameworks */ = {
			isa = PBXFrameworksBuildPhase;
			buildActionMask = 2147483647;
			files = (
			);
			runOnlyForDeploymentPostprocessing = 0;
		};
		C7E0CF5C2C50900700A3A5FE /* Frameworks */ = {
			isa = PBXFrameworksBuildPhase;
			buildActionMask = 2147483647;
			files = (
			);
			runOnlyForDeploymentPostprocessing = 0;
		};
/* End PBXFrameworksBuildPhase section */

/* Begin PBXGroup section */
		C7E0CF3C2C50900500A3A5FE = {
			isa = PBXGroup;
			children = (
				C7E0CF472C50900600A3A5FE /* PostalCodeSearch */,
				C7E0CF582C50900700A3A5FE /* PostalCodeSearchTests */,
				C7E0CF622C50900700A3A5FE /* PostalCodeSearchUITests */,
				C7E0CF462C50900600A3A5FE /* Products */,
			);
			sourceTree = "<group>";
		};
		C7E0CF462C50900600A3A5FE /* Products */ = {
			isa = PBXGroup;
			children = (
				C7E0CF452C50900600A3A5FE /* PostalCodeSearch.app */,
				C7E0CF552C50900700A3A5FE /* PostalCodeSearchTests.xctest */,
				C7E0CF5F2C50900700A3A5FE /* PostalCodeSearchUITests.xctest */,
			);
			name = Products;
			sourceTree = "<group>";
		};
		C7E0CF472C50900600A3A5FE /* PostalCodeSearch */ = {
			isa = PBXGroup;
			children = (
				C7E0CF482C50900600A3A5FE /* PostalCodeSearchApp.swift */,
				C7E0CF4A2C50900600A3A5FE /* ContentView.swift */,
				C7E0CF722C50901900A3A5FE /* APIData.swift */,
				C7E0CF4C2C50900700A3A5FE /* Assets.xcassets */,
				C7E0CF4E2C50900700A3A5FE /* Preview Content */,
			);
			path = PostalCodeSearch;
			sourceTree = "<group>";
		};
		C7E0CF4E2C50900700A3A5FE /* Preview Content */ = {
			isa = PBXGroup;
			children = (
				C7E0CF4F2C50900700A3A5FE /* Preview Assets.xcassets */,
			);
			path = "Preview Content";
			sourceTree = "<group>";
		};
		C7E0CF582C50900700A3A5FE /* PostalCodeSearchTests */ = {
			isa = PBXGroup;
			children = (
				C7E0CF592C50900700A3A5FE /* PostalCodeSearchTests.swift */,
			);
			path = PostalCodeSearchTests;
			sourceTree = "<group>";
		};
		C7E0CF622C50900700A3A5FE /* PostalCodeSearchUITests */ = {
			isa = PBXGroup;
			children = (
				C7E0CF632C50900700A3A5FE /* PostalCodeSearchUITests.swift */,
				C7E0CF652C50900700A3A5FE /* PostalCodeSearchUITestsLaunchTests.swift */,
			);
			path = PostalCodeSearchUITests;
			sourceTree = "<group>";
		};
/* End PBXGroup section */

/* Begin PBXNativeTarget section */
		C7E0CF442C50900600A3A5FE /* PostalCodeSearch */ = {
			isa = PBXNativeTarget;
			buildConfigurationList = C7E0CF692C50900700A3A5FE /* Build configuration list for PBXNativeTarget "PostalCodeSearch" */;
			buildPhases = (
				C7E0CF412C50900600A3A5FE /* Sources */,
				C7E0CF422C50900600A3A5FE /* Frameworks */,
				C7E0CF432C50900600A3A5FE /* Resources */,
			);
			buildRules = (
			);
			dependencies = (
			);
			name = PostalCodeSearch;
			productName = PostalCodeSearch;
			productReference = C7E0CF452C50900600A3A5FE /* PostalCodeSearch.app */;
			productType = "com.apple.product-type.application";
		};
		C7E0CF542C50900700A3A5FE /* PostalCodeSearchTests */ = {
			isa = PBXNativeTarget;
			buildConfigurationList = C7E0CF6C2C50900700A3A5FE /* Build configuration list for PBXNativeTarget "PostalCodeSearchTests" */;
			buildPhases = (
				C7E0CF512C50900700A3A5FE /* Sources */,
				C7E0CF522C50900700A3A5FE /* Frameworks */,
				C7E0CF532C50900700A3A5FE /* Resources */,
			);
			buildRules = (
			);
			dependencies = (
				C7E0CF572C50900700A3A5FE /* PBXTargetDependency */,
			);
			name = PostalCodeSearchTests;
			productName = PostalCodeSearchTests;
			productReference = C7E0CF552C50900700A3A5FE /* PostalCodeSearchTests.xctest */;
			productType = "com.apple.product-type.bundle.unit-test";
		};
		C7E0CF5E2C50900700A3A5FE /* PostalCodeSearchUITests */ = {
			isa = PBXNativeTarget;
			buildConfigurationList = C7E0CF6F2C50900700A3A5FE /* Build configuration list for PBXNativeTarget "PostalCodeSearchUITests" */;
			buildPhases = (
				C7E0CF5B2C50900700A3A5FE /* Sources */,
				C7E0CF5C2C50900700A3A5FE /* Frameworks */,
				C7E0CF5D2C50900700A3A5FE /* Resources */,
			);
			buildRules = (
			);
			dependencies = (
				C7E0CF612C50900700A3A5FE /* PBXTargetDependency */,
			);
			name = PostalCodeSearchUITests;
			productName = PostalCodeSearchUITests;
			productReference = C7E0CF5F2C50900700A3A5FE /* PostalCodeSearchUITests.xctest */;
			productType = "com.apple.product-type.bundle.ui-testing";
		};
/* End PBXNativeTarget section */

/* Begin PBXProject section */
		C7E0CF3D2C50900500A3A5FE /* Project object */ = {
			isa = PBXProject;
			attributes = {
				BuildIndependentTargetsInParallel = 1;
				LastSwiftUpdateCheck = 1530;
				LastUpgradeCheck = 1530;
				TargetAttributes = {
					C7E0CF442C50900600A3A5FE = {
						CreatedOnToolsVersion = 15.3;
					};
					C7E0CF542C50900700A3A5FE = {
						CreatedOnToolsVersion = 15.3;
						TestTargetID = C7E0CF442C50900600A3A5FE;
					};
					C7E0CF5E2C50900700A3A5FE = {
						CreatedOnToolsVersion = 15.3;
						TestTargetID = C7E0CF442C50900600A3A5FE;
					};
				};
			};
			buildConfigurationList = C7E0CF402C50900500A3A5FE /* Build configuration list for PBXProject "PostalCodeSearch" */;
			compatibilityVersion = "Xcode 14.0";
			developmentRegion = en;
			hasScannedForEncodings = 0;
			knownRegions = (
				en,
				Base,
			);
			mainGroup = C7E0CF3C2C50900500A3A5FE;
			productRefGroup = C7E0CF462C50900600A3A5FE /* Products */;
			projectDirPath = "";
			projectRoot = "";
			targets = (
				C7E0CF442C50900600A3A5FE /* PostalCodeSearch */,
				C7E0CF542C50900700A3A5FE /* PostalCodeSearchTests */,
				C7E0CF5E2C50900700A3A5FE /* PostalCodeSearchUITests */,
			);
		};
/* End PBXProject section */

/* Begin PBXResourcesBuildPhase section */
		C7E0CF432C50900600A3A5FE /* Resources */ = {
			isa = PBXResourcesBuildPhase;
			buildActionMask = 2147483647;
			files = (
				C7E0CF502C50900700A3A5FE /* Preview Assets.xcassets in Resources */,
				C7E0CF4D2C50900700A3A5FE /* Assets.xcassets in Resources */,
			);
			runOnlyForDeploymentPostprocessing = 0;
		};
		C7E0CF532C50900700A3A5FE /* Resources */ = {
			isa = PBXResourcesBuildPhase;
			buildActionMask = 2147483647;
			files = (
			);
			runOnlyForDeploymentPostprocessing = 0;
		};
		C7E0CF5D2C50900700A3A5FE /* Resources */ = {
			isa = PBXResourcesBuildPhase;
			buildActionMask = 2147483647;
			files = (
			);
			runOnlyForDeploymentPostprocessing = 0;
		};
/* End PBXResourcesBuildPhase section */

/* Begin PBXSourcesBuildPhase section */
		C7E0CF412C50900600A3A5FE /* Sources */ = {
			isa = PBXSourcesBuildPhase;
			buildActionMask = 2147483647;
			files = (
				C7E0CF732C50901900A3A5FE /* APIData.swift in Sources */,
				C7E0CF4B2C50900600A3A5FE /* ContentView.swift in Sources */,
				C7E0CF492C50900600A3A5FE /* PostalCodeSearchApp.swift in Sources */,
			);
			runOnlyForDeploymentPostprocessing = 0;
		};
		C7E0CF512C50900700A3A5FE /* Sources */ = {
			isa = PBXSourcesBuildPhase;
			buildActionMask = 2147483647;
			files = (
				C7E0CF5A2C50900700A3A5FE /* PostalCodeSearchTests.swift in Sources */,
			);
			runOnlyForDeploymentPostprocessing = 0;
		};
		C7E0CF5B2C50900700A3A5FE /* Sources */ = {
			isa = PBXSourcesBuildPhase;
			buildActionMask = 2147483647;
			files = (
				C7E0CF662C50900700A3A5FE /* PostalCodeSearchUITestsLaunchTests.swift in Sources */,
				C7E0CF642C50900700A3A5FE /* PostalCodeSearchUITests.swift in Sources */,
			);
			runOnlyForDeploymentPostprocessing = 0;
		};
/* End PBXSourcesBuildPhase section */

/* Begin PBXTargetDependency section */
		C7E0CF572C50900700A3A5FE /* PBXTargetDependency */ = {
			isa = PBXTargetDependency;
			target = C7E0CF442C50900600A3A5FE /* PostalCodeSearch */;
			targetProxy = C7E0CF562C50900700A3A5FE /* PBXContainerItemProxy */;
		};
		C7E0CF612C50900700A3A5FE /* PBXTargetDependency */ = {
			isa = PBXTargetDependency;
			target = C7E0CF442C50900600A3A5FE /* PostalCodeSearch */;
			targetProxy = C7E0CF602C50900700A3A5FE /* PBXContainerItemProxy */;
		};
/* End PBXTargetDependency section */

/* Begin XCBuildConfiguration section */
		C7E0CF672C50900700A3A5FE /* Debug */ = {
			isa = XCBuildConfiguration;
			buildSettings = {
				ALWAYS_SEARCH_USER_PATHS = NO;
				ASSETCATALOG_COMPILER_GENERATE_SWIFT_ASSET_SYMBOL_EXTENSIONS = YES;
				CLANG_ANALYZER_NONNULL = YES;
				CLANG_ANALYZER_NUMBER_OBJECT_CONVERSION = YES_AGGRESSIVE;
				CLANG_CXX_LANGUAGE_STANDARD = "gnu++20";
				CLANG_ENABLE_MODULES = YES;
				CLANG_ENABLE_OBJC_ARC = YES;
				CLANG_ENABLE_OBJC_WEAK = YES;
				CLANG_WARN_BLOCK_CAPTURE_AUTORELEASING = YES;
				CLANG_WARN_BOOL_CONVERSION = YES;
				CLANG_WARN_COMMA = YES;
				CLANG_WARN_CONSTANT_CONVERSION = YES;
				CLANG_WARN_DEPRECATED_OBJC_IMPLEMENTATIONS = YES;
				CLANG_WARN_DIRECT_OBJC_ISA_USAGE = YES_ERROR;
				CLANG_WARN_DOCUMENTATION_COMMENTS = YES;
				CLANG_WARN_EMPTY_BODY = YES;
				CLANG_WARN_ENUM_CONVERSION = YES;
				CLANG_WARN_INFINITE_RECURSION = YES;
				CLANG_WARN_INT_CONVERSION = YES;
				CLANG_WARN_NON_LITERAL_NULL_CONVERSION = YES;
				CLANG_WARN_OBJC_IMPLICIT_RETAIN_SELF = YES;
				CLANG_WARN_OBJC_LITERAL_CONVERSION = YES;
				CLANG_WARN_OBJC_ROOT_CLASS = YES_ERROR;
				CLANG_WARN_QUOTED_INCLUDE_IN_FRAMEWORK_HEADER = YES;
				CLANG_WARN_RANGE_LOOP_ANALYSIS = YES;
				CLANG_WARN_STRICT_PROTOTYPES = YES;
				CLANG_WARN_SUSPICIOUS_MOVE = YES;
				CLANG_WARN_UNGUARDED_AVAILABILITY = YES_AGGRESSIVE;
				CLANG_WARN_UNREACHABLE_CODE = YES;
				CLANG_WARN__DUPLICATE_METHOD_MATCH = YES;
				COPY_PHASE_STRIP = NO;
				DEBUG_INFORMATION_FORMAT = dwarf;
				ENABLE_STRICT_OBJC_MSGSEND = YES;
				ENABLE_TESTABILITY = YES;
				ENABLE_USER_SCRIPT_SANDBOXING = YES;
				GCC_C_LANGUAGE_STANDARD = gnu17;
				GCC_DYNAMIC_NO_PIC = NO;
				GCC_NO_COMMON_BLOCKS = YES;
				GCC_OPTIMIZATION_LEVEL = 0;
				GCC_PREPROCESSOR_DEFINITIONS = (
					"DEBUG=1",
					"$(inherited)",
				);
				GCC_WARN_64_TO_32_BIT_CONVERSION = YES;
				GCC_WARN_ABOUT_RETURN_TYPE = YES_ERROR;
				GCC_WARN_UNDECLARED_SELECTOR = YES;
				GCC_WARN_UNINITIALIZED_AUTOS = YES_AGGRESSIVE;
				GCC_WARN_UNUSED_FUNCTION = YES;
				GCC_WARN_UNUSED_VARIABLE = YES;
				IPHONEOS_DEPLOYMENT_TARGET = 17.4;
				LOCALIZATION_PREFERS_STRING_CATALOGS = YES;
				MTL_ENABLE_DEBUG_INFO = INCLUDE_SOURCE;
				MTL_FAST_MATH = YES;
				ONLY_ACTIVE_ARCH = YES;
				SDKROOT = iphoneos;
				SWIFT_ACTIVE_COMPILATION_CONDITIONS = "DEBUG $(inherited)";
				SWIFT_OPTIMIZATION_LEVEL = "-Onone";
			};
			name = Debug;
		};
		C7E0CF682C50900700A3A5FE /* Release */ = {
			isa = XCBuildConfiguration;
			buildSettings = {
				ALWAYS_SEARCH_USER_PATHS = NO;
				ASSETCATALOG_COMPILER_GENERATE_SWIFT_ASSET_SYMBOL_EXTENSIONS = YES;
				CLANG_ANALYZER_NONNULL = YES;
				CLANG_ANALYZER_NUMBER_OBJECT_CONVERSION = YES_AGGRESSIVE;
				CLANG_CXX_LANGUAGE_STANDARD = "gnu++20";
				CLANG_ENABLE_MODULES = YES;
				CLANG_ENABLE_OBJC_ARC = YES;
				CLANG_ENABLE_OBJC_WEAK = YES;
				CLANG_WARN_BLOCK_CAPTURE_AUTORELEASING = YES;
				CLANG_WARN_BOOL_CONVERSION = YES;
				CLANG_WARN_COMMA = YES;
				CLANG_WARN_CONSTANT_CONVERSION = YES;
				CLANG_WARN_DEPRECATED_OBJC_IMPLEMENTATIONS = YES;
				CLANG_WARN_DIRECT_OBJC_ISA_USAGE = YES_ERROR;
				CLANG_WARN_DOCUMENTATION_COMMENTS = YES;
				CLANG_WARN_EMPTY_BODY = YES;
				CLANG_WARN_ENUM_CONVERSION = YES;
				CLANG_WARN_INFINITE_RECURSION = YES;
				CLANG_WARN_INT_CONVERSION = YES;
				CLANG_WARN_NON_LITERAL_NULL_CONVERSION = YES;
				CLANG_WARN_OBJC_IMPLICIT_RETAIN_SELF = YES;
				CLANG_WARN_OBJC_LITERAL_CONVERSION = YES;
				CLANG_WARN_OBJC_ROOT_CLASS = YES_ERROR;
				CLANG_WARN_QUOTED_INCLUDE_IN_FRAMEWORK_HEADER = YES;
				CLANG_WARN_RANGE_LOOP_ANALYSIS = YES;
				CLANG_WARN_STRICT_PROTOTYPES = YES;
				CLANG_WARN_SUSPICIOUS_MOVE = YES;
				CLANG_WARN_UNGUARDED_AVAILABILITY = YES_AGGRESSIVE;
				CLANG_WARN_UNREACHABLE_CODE = YES;
				CLANG_WARN__DUPLICATE_METHOD_MATCH = YES;
				COPY_PHASE_STRIP = NO;
				DEBUG_INFORMATION_FORMAT = "dwarf-with-dsym";
				ENABLE_NS_ASSERTIONS = NO;
				ENABLE_STRICT_OBJC_MSGSEND = YES;
				ENABLE_USER_SCRIPT_SANDBOXING = YES;
				GCC_C_LANGUAGE_STANDARD = gnu17;
				GCC_NO_COMMON_BLOCKS = YES;
				GCC_WARN_64_TO_32_BIT_CONVERSION = YES;
				GCC_WARN_ABOUT_RETURN_TYPE = YES_ERROR;
				GCC_WARN_UNDECLARED_SELECTOR = YES;
				GCC_WARN_UNINITIALIZED_AUTOS = YES_AGGRESSIVE;
				GCC_WARN_UNUSED_FUNCTION = YES;
				GCC_WARN_UNUSED_VARIABLE = YES;
				IPHONEOS_DEPLOYMENT_TARGET = 17.4;
				LOCALIZATION_PREFERS_STRING_CATALOGS = YES;
				MTL_ENABLE_DEBUG_INFO = NO;
				MTL_FAST_MATH = YES;
				SDKROOT = iphoneos;
				SWIFT_COMPILATION_MODE = wholemodule;
				VALIDATE_PRODUCT = YES;
			};
			name = Release;
		};
		C7E0CF6A2C50900700A3A5FE /* Debug */ = {
			isa = XCBuildConfiguration;
			buildSettings = {
				ASSETCATALOG_COMPILER_APPICON_NAME = AppIcon;
				ASSETCATALOG_COMPILER_GLOBAL_ACCENT_COLOR_NAME = AccentColor;
				CODE_SIGN_STYLE = Automatic;
				CURRENT_PROJECT_VERSION = 1;
				DEVELOPMENT_ASSET_PATHS = "\"PostalCodeSearch/Preview Content\"";
				DEVELOPMENT_TEAM = 4H5MS236CS;
				ENABLE_PREVIEWS = YES;
				GENERATE_INFOPLIST_FILE = YES;
				INFOPLIST_KEY_UIApplicationSceneManifest_Generation = YES;
				INFOPLIST_KEY_UIApplicationSupportsIndirectInputEvents = YES;
				INFOPLIST_KEY_UILaunchScreen_Generation = YES;
				INFOPLIST_KEY_UISupportedInterfaceOrientations_iPad = "UIInterfaceOrientationPortrait UIInterfaceOrientationPortraitUpsideDown UIInterfaceOrientationLandscapeLeft UIInterfaceOrientationLandscapeRight";
				INFOPLIST_KEY_UISupportedInterfaceOrientations_iPhone = "UIInterfaceOrientationPortrait UIInterfaceOrientationLandscapeLeft UIInterfaceOrientationLandscapeRight";
				LD_RUNPATH_SEARCH_PATHS = (
					"$(inherited)",
					"@executable_path/Frameworks",
				);
				MARKETING_VERSION = 1.0;
				PRODUCT_BUNDLE_IDENTIFIER = com.gmail.137.6300.bjs.PostalCodeSearch;
				PRODUCT_NAME = "$(TARGET_NAME)";
				SWIFT_EMIT_LOC_STRINGS = YES;
				SWIFT_VERSION = 5.0;
				TARGETED_DEVICE_FAMILY = "1,2";
			};
			name = Debug;
		};
		C7E0CF6B2C50900700A3A5FE /* Release */ = {
			isa = XCBuildConfiguration;
			buildSettings = {
				ASSETCATALOG_COMPILER_APPICON_NAME = AppIcon;
				ASSETCATALOG_COMPILER_GLOBAL_ACCENT_COLOR_NAME = AccentColor;
				CODE_SIGN_STYLE = Automatic;
				CURRENT_PROJECT_VERSION = 1;
				DEVELOPMENT_ASSET_PATHS = "\"PostalCodeSearch/Preview Content\"";
				DEVELOPMENT_TEAM = 4H5MS236CS;
				ENABLE_PREVIEWS = YES;
				GENERATE_INFOPLIST_FILE = YES;
				INFOPLIST_KEY_UIApplicationSceneManifest_Generation = YES;
				INFOPLIST_KEY_UIApplicationSupportsIndirectInputEvents = YES;
				INFOPLIST_KEY_UILaunchScreen_Generation = YES;
				INFOPLIST_KEY_UISupportedInterfaceOrientations_iPad = "UIInterfaceOrientationPortrait UIInterfaceOrientationPortraitUpsideDown UIInterfaceOrientationLandscapeLeft UIInterfaceOrientationLandscapeRight";
				INFOPLIST_KEY_UISupportedInterfaceOrientations_iPhone = "UIInterfaceOrientationPortrait UIInterfaceOrientationLandscapeLeft UIInterfaceOrientationLandscapeRight";
				LD_RUNPATH_SEARCH_PATHS = (
					"$(inherited)",
					"@executable_path/Frameworks",
				);
				MARKETING_VERSION = 1.0;
				PRODUCT_BUNDLE_IDENTIFIER = com.gmail.137.6300.bjs.PostalCodeSearch;
				PRODUCT_NAME = "$(TARGET_NAME)";
				SWIFT_EMIT_LOC_STRINGS = YES;
				SWIFT_VERSION = 5.0;
				TARGETED_DEVICE_FAMILY = "1,2";
			};
			name = Release;
		};
		C7E0CF6D2C50900700A3A5FE /* Debug */ = {
			isa = XCBuildConfiguration;
			buildSettings = {
				ALWAYS_EMBED_SWIFT_STANDARD_LIBRARIES = YES;
				BUNDLE_LOADER = "$(TEST_HOST)";
				CODE_SIGN_STYLE = Automatic;
				CURRENT_PROJECT_VERSION = 1;
				DEVELOPMENT_TEAM = 4H5MS236CS;
				GENERATE_INFOPLIST_FILE = YES;
				IPHONEOS_DEPLOYMENT_TARGET = 17.4;
				MARKETING_VERSION = 1.0;
				PRODUCT_BUNDLE_IDENTIFIER = com.gmail.137.6300.bjs.PostalCodeSearchTests;
				PRODUCT_NAME = "$(TARGET_NAME)";
				SWIFT_EMIT_LOC_STRINGS = NO;
				SWIFT_VERSION = 5.0;
				TARGETED_DEVICE_FAMILY = "1,2";
				TEST_HOST = "$(BUILT_PRODUCTS_DIR)/PostalCodeSearch.app/$(BUNDLE_EXECUTABLE_FOLDER_PATH)/PostalCodeSearch";
			};
			name = Debug;
		};
		C7E0CF6E2C50900700A3A5FE /* Release */ = {
			isa = XCBuildConfiguration;
			buildSettings = {
				ALWAYS_EMBED_SWIFT_STANDARD_LIBRARIES = YES;
				BUNDLE_LOADER = "$(TEST_HOST)";
				CODE_SIGN_STYLE = Automatic;
				CURRENT_PROJECT_VERSION = 1;
				DEVELOPMENT_TEAM = 4H5MS236CS;
				GENERATE_INFOPLIST_FILE = YES;
				IPHONEOS_DEPLOYMENT_TARGET = 17.4;
				MARKETING_VERSION = 1.0;
				PRODUCT_BUNDLE_IDENTIFIER = com.gmail.137.6300.bjs.PostalCodeSearchTests;
				PRODUCT_NAME = "$(TARGET_NAME)";
				SWIFT_EMIT_LOC_STRINGS = NO;
				SWIFT_VERSION = 5.0;
				TARGETED_DEVICE_FAMILY = "1,2";
				TEST_HOST = "$(BUILT_PRODUCTS_DIR)/PostalCodeSearch.app/$(BUNDLE_EXECUTABLE_FOLDER_PATH)/PostalCodeSearch";
			};
			name = Release;
		};
		C7E0CF702C50900700A3A5FE /* Debug */ = {
			isa = XCBuildConfiguration;
			buildSettings = {
				ALWAYS_EMBED_SWIFT_STANDARD_LIBRARIES = YES;
				CODE_SIGN_STYLE = Automatic;
				CURRENT_PROJECT_VERSION = 1;
				DEVELOPMENT_TEAM = 4H5MS236CS;
				GENERATE_INFOPLIST_FILE = YES;
				MARKETING_VERSION = 1.0;
				PRODUCT_BUNDLE_IDENTIFIER = com.gmail.137.6300.bjs.PostalCodeSearchUITests;
				PRODUCT_NAME = "$(TARGET_NAME)";
				SWIFT_EMIT_LOC_STRINGS = NO;
				SWIFT_VERSION = 5.0;
				TARGETED_DEVICE_FAMILY = "1,2";
				TEST_TARGET_NAME = PostalCodeSearch;
			};
			name = Debug;
		};
		C7E0CF712C50900700A3A5FE /* Release */ = {
			isa = XCBuildConfiguration;
			buildSettings = {
				ALWAYS_EMBED_SWIFT_STANDARD_LIBRARIES = YES;
				CODE_SIGN_STYLE = Automatic;
				CURRENT_PROJECT_VERSION = 1;
				DEVELOPMENT_TEAM = 4H5MS236CS;
				GENERATE_INFOPLIST_FILE = YES;
				MARKETING_VERSION = 1.0;
				PRODUCT_BUNDLE_IDENTIFIER = com.gmail.137.6300.bjs.PostalCodeSearchUITests;
				PRODUCT_NAME = "$(TARGET_NAME)";
				SWIFT_EMIT_LOC_STRINGS = NO;
				SWIFT_VERSION = 5.0;
				TARGETED_DEVICE_FAMILY = "1,2";
				TEST_TARGET_NAME = PostalCodeSearch;
			};
			name = Release;
		};
/* End XCBuildConfiguration section */

/* Begin XCConfigurationList section */
		C7E0CF402C50900500A3A5FE /* Build configuration list for PBXProject "PostalCodeSearch" */ = {
			isa = XCConfigurationList;
			buildConfigurations = (
				C7E0CF672C50900700A3A5FE /* Debug */,
				C7E0CF682C50900700A3A5FE /* Release */,
			);
			defaultConfigurationIsVisible = 0;
			defaultConfigurationName = Release;
		};
		C7E0CF692C50900700A3A5FE /* Build configuration list for PBXNativeTarget "PostalCodeSearch" */ = {
			isa = XCConfigurationList;
			buildConfigurations = (
				C7E0CF6A2C50900700A3A5FE /* Debug */,
				C7E0CF6B2C50900700A3A5FE /* Release */,
			);
			defaultConfigurationIsVisible = 0;
			defaultConfigurationName = Release;
		};
		C7E0CF6C2C50900700A3A5FE /* Build configuration list for PBXNativeTarget "PostalCodeSearchTests" */ = {
			isa = XCConfigurationList;
			buildConfigurations = (
				C7E0CF6D2C50900700A3A5FE /* Debug */,
				C7E0CF6E2C50900700A3A5FE /* Release */,
			);
			defaultConfigurationIsVisible = 0;
			defaultConfigurationName = Release;
		};
		C7E0CF6F2C50900700A3A5FE /* Build configuration list for PBXNativeTarget "PostalCodeSearchUITests" */ = {
			isa = XCConfigurationList;
			buildConfigurations = (
				C7E0CF702C50900700A3A5FE /* Debug */,
				C7E0CF712C50900700A3A5FE /* Release */,
			);
			defaultConfigurationIsVisible = 0;
			defaultConfigurationName = Release;
		};
/* End XCConfigurationList section */
	};
	rootObject = C7E0CF3D2C50900500A3A5FE /* Project object */;
}
